
Microsoft Visual Studio Solution File, Format Version 11.00
# Visual Studio 2010
Project("{FAE04EC0-301F-11D3-BF4B-00C04F79EFBC}") = "To The Skies!", "Assembly-CSharp.csproj", "{FA9CD463-6088-7867-9D27-51C42E05E016}"
EndProject
Global
	GlobalSection(SolutionConfigurationPlatforms) = preSolution
		Debug|Any CPU = Debug|Any CPU
		Release|Any CPU = Release|Any CPU
	EndGlobalSection
	GlobalSection(ProjectConfigurationPlatforms) = postSolution
		{FA9CD463-6088-7867-9D27-51C42E05E016}.Debug|Any CPU.ActiveCfg = Debug|Any CPU
		{FA9CD463-6088-7867-9D27-51C42E05E016}.Debug|Any CPU.Build.0 = Debug|Any CPU
		{FA9CD463-6088-7867-9D27-51C42E05E016}.Release|Any CPU.ActiveCfg = Release|Any CPU
		{FA9CD463-6088-7867-9D27-51C42E05E016}.Release|Any CPU.Build.0 = Release|Any CPU
	EndGlobalSection
	GlobalSection(SolutionProperties) = preSolution
		HideSolutionNode = FALSE
	EndGlobalSection
	GlobalSection(MonoDevelopProperties) = preSolution
		StartupItem = Assembly-CSharp.csproj
	EndGlobalSection
EndGlobal
